
Microsoft Visual Studio Solution File, Format Version 12.00
# Visual Studio 14
VisualStudioVersion = 14.0.25123.0
MinimumVisualStudioVersion = 10.0.40219.1
Project("{FAE04EC0-301F-11D3-BF4B-00C04F79EFBC}") = "Email.Web.Ui", "Email.Web.Ui\Email.Web.Ui.csproj", "{29066367-5845-4624-822D-8FA706CAE6BB}"
EndProject
Project("{FAE04EC0-301F-11D3-BF4B-00C04F79EFBC}") = "Email.Web.Api", "Email.Web.Api\Email.Web.Api.csproj", "{D13A043A-0D99-440B-90DA-65C67E980511}"
EndProject
Project("{FAE04EC0-301F-11D3-BF4B-00C04F79EFBC}") = "Email.Services", "Email.Services\Email.Services.csproj", "{CEE42924-95B5-4C00-A3D0-D8C6A893E66E}"
EndProject
Project("{FAE04EC0-301F-11D3-BF4B-00C04F79EFBC}") = "Email.DomainModel", "Email.DomainModel\Email.DomainModel.csproj", "{597C4430-4A05-4CCF-A2DC-09122DC6D022}"
EndProject
Project("{FAE04EC0-301F-11D3-BF4B-00C04F79EFBC}") = "Email.DomainModel.Test", "Email.DomainModel.Test\Email.DomainModel.Test.csproj", "{B9F605C5-1239-48CD-A4AD-B4090771F00A}"
EndProject
Project("{FAE04EC0-301F-11D3-BF4B-00C04F79EFBC}") = "Email.Service.Test", "Email.Service.Test\Email.Service.Test.csproj", "{5708F48D-E098-49DA-B49D-B8C4439E4B08}"
EndProject
Project("{FAE04EC0-301F-11D3-BF4B-00C04F79EFBC}") = "Email.Test.ConsoleUI", "Email.Test.ConsoleUI\Email.Test.ConsoleUI.csproj", "{A27C84EF-86AA-4332-89E9-8F419915DF8D}"
EndProject
Project("{CC5FD16D-436D-48AD-A40C-5A424C6E3E79}") = "Email.CloudService", "Email.CloudService\Email.CloudService.ccproj", "{41A13E21-EDFD-4C29-B37B-8E8758A5F72C}"
EndProject
Project("{FAE04EC0-301F-11D3-BF4B-00C04F79EFBC}") = "Email.CloudService.WorkerRole", "Email.CloudService.WorkerRole\Email.CloudService.WorkerRole.csproj", "{9A1399F0-954C-4730-9846-75F0377E1506}"
EndProject
Project("{2150E333-8FDC-42A3-9474-1A3956D46DE8}") = "Tests", "Tests", "{A96539AD-347D-46BA-8647-9764BF6E90D6}"
EndProject
Project("{FAE04EC0-301F-11D3-BF4B-00C04F79EFBC}") = "QueueManager", "QueueManager\QueueManager.csproj", "{6755A48F-BD8F-4582-9CA2-6485D79AEC1A}"
EndProject
Project("{FAE04EC0-301F-11D3-BF4B-00C04F79EFBC}") = "Email.Consumers", "Email.Consumers\Email.Consumers.csproj", "{72FCA21A-0141-464B-B448-650DB0985DB7}"
EndProject
Project("{FAE04EC0-301F-11D3-BF4B-00C04F79EFBC}") = "Email.Contracts", "Email.Contracts\Email.Contracts.csproj", "{74278E0A-76C9-497B-9194-FA1A6B1FA9B8}"
EndProject
Project("{FAE04EC0-301F-11D3-BF4B-00C04F79EFBC}") = "Queue.Contracts", "Queue.Contracts\Queue.Contracts.csproj", "{F0EF46F8-9A78-4C3F-BA3A-D2C61874B92D}"
EndProject
Project("{FAE04EC0-301F-11D3-BF4B-00C04F79EFBC}") = "Queue.Azure", "Queue.Azure\Queue.Azure.csproj", "{EF68BCC5-18FC-4233-A165-08FBE2CA3B62}"
EndProject
Project("{FAE04EC0-301F-11D3-BF4B-00C04F79EFBC}") = "ConfigurationManager", "ConfigurationManager\ConfigurationManager.csproj", "{8AEDED5C-7130-44AB-9B8C-DCCBC3B2863E}"
EndProject
Global
	GlobalSection(SolutionConfigurationPlatforms) = preSolution
		Debug|Any CPU = Debug|Any CPU
		Release|Any CPU = Release|Any CPU
	EndGlobalSection
	GlobalSection(ProjectConfigurationPlatforms) = postSolution
		{29066367-5845-4624-822D-8FA706CAE6BB}.Debug|Any CPU.ActiveCfg = Debug|Any CPU
		{29066367-5845-4624-822D-8FA706CAE6BB}.Debug|Any CPU.Build.0 = Debug|Any CPU
		{29066367-5845-4624-822D-8FA706CAE6BB}.Release|Any CPU.ActiveCfg = Release|Any CPU
		{29066367-5845-4624-822D-8FA706CAE6BB}.Release|Any CPU.Build.0 = Release|Any CPU
		{D13A043A-0D99-440B-90DA-65C67E980511}.Debug|Any CPU.ActiveCfg = Debug|Any CPU
		{D13A043A-0D99-440B-90DA-65C67E980511}.Debug|Any CPU.Build.0 = Debug|Any CPU
		{D13A043A-0D99-440B-90DA-65C67E980511}.Release|Any CPU.ActiveCfg = Release|Any CPU
		{D13A043A-0D99-440B-90DA-65C67E980511}.Release|Any CPU.Build.0 = Release|Any CPU
		{CEE42924-95B5-4C00-A3D0-D8C6A893E66E}.Debug|Any CPU.ActiveCfg = Debug|Any CPU
		{CEE42924-95B5-4C00-A3D0-D8C6A893E66E}.Debug|Any CPU.Build.0 = Debug|Any CPU
		{CEE42924-95B5-4C00-A3D0-D8C6A893E66E}.Release|Any CPU.ActiveCfg = Release|Any CPU
		{CEE42924-95B5-4C00-A3D0-D8C6A893E66E}.Release|Any CPU.Build.0 = Release|Any CPU
		{597C4430-4A05-4CCF-A2DC-09122DC6D022}.Debug|Any CPU.ActiveCfg = Debug|Any CPU
		{597C4430-4A05-4CCF-A2DC-09122DC6D022}.Debug|Any CPU.Build.0 = Debug|Any CPU
		{597C4430-4A05-4CCF-A2DC-09122DC6D022}.Release|Any CPU.ActiveCfg = Release|Any CPU
		{597C4430-4A05-4CCF-A2DC-09122DC6D022}.Release|Any CPU.Build.0 = Release|Any CPU
		{B9F605C5-1239-48CD-A4AD-B4090771F00A}.Debug|Any CPU.ActiveCfg = Debug|Any CPU
		{B9F605C5-1239-48CD-A4AD-B4090771F00A}.Debug|Any CPU.Build.0 = Debug|Any CPU
		{B9F605C5-1239-48CD-A4AD-B4090771F00A}.Release|Any CPU.ActiveCfg = Release|Any CPU
		{B9F605C5-1239-48CD-A4AD-B4090771F00A}.Release|Any CPU.Build.0 = Release|Any CPU
		{5708F48D-E098-49DA-B49D-B8C4439E4B08}.Debug|Any CPU.ActiveCfg = Debug|Any CPU
		{5708F48D-E098-49DA-B49D-B8C4439E4B08}.Debug|Any CPU.Build.0 = Debug|Any CPU
		{5708F48D-E098-49DA-B49D-B8C4439E4B08}.Release|Any CPU.ActiveCfg = Release|Any CPU
		{5708F48D-E098-49DA-B49D-B8C4439E4B08}.Release|Any CPU.Build.0 = Release|Any CPU
		{A27C84EF-86AA-4332-89E9-8F419915DF8D}.Debug|Any CPU.ActiveCfg = Debug|Any CPU
		{A27C84EF-86AA-4332-89E9-8F419915DF8D}.Debug|Any CPU.Build.0 = Debug|Any CPU
		{A27C84EF-86AA-4332-89E9-8F419915DF8D}.Release|Any CPU.ActiveCfg = Release|Any CPU
		{A27C84EF-86AA-4332-89E9-8F419915DF8D}.Release|Any CPU.Build.0 = Release|Any CPU
		{41A13E21-EDFD-4C29-B37B-8E8758A5F72C}.Debug|Any CPU.ActiveCfg = Debug|Any CPU
		{41A13E21-EDFD-4C29-B37B-8E8758A5F72C}.Debug|Any CPU.Build.0 = Debug|Any CPU
		{41A13E21-EDFD-4C29-B37B-8E8758A5F72C}.Release|Any CPU.ActiveCfg = Release|Any CPU
		{41A13E21-EDFD-4C29-B37B-8E8758A5F72C}.Release|Any CPU.Build.0 = Release|Any CPU
		{9A1399F0-954C-4730-9846-75F0377E1506}.Debug|Any CPU.ActiveCfg = Debug|Any CPU
		{9A1399F0-954C-4730-9846-75F0377E1506}.Debug|Any CPU.Build.0 = Debug|Any CPU
		{9A1399F0-954C-4730-9846-75F0377E1506}.Release|Any CPU.ActiveCfg = Release|Any CPU
		{9A1399F0-954C-4730-9846-75F0377E1506}.Release|Any CPU.Build.0 = Release|Any CPU
		{6755A48F-BD8F-4582-9CA2-6485D79AEC1A}.Debug|Any CPU.ActiveCfg = Debug|Any CPU
		{6755A48F-BD8F-4582-9CA2-6485D79AEC1A}.Debug|Any CPU.Build.0 = Debug|Any CPU
		{6755A48F-BD8F-4582-9CA2-6485D79AEC1A}.Release|Any CPU.ActiveCfg = Release|Any CPU
		{6755A48F-BD8F-4582-9CA2-6485D79AEC1A}.Release|Any CPU.Build.0 = Release|Any CPU
		{72FCA21A-0141-464B-B448-650DB0985DB7}.Debug|Any CPU.ActiveCfg = Debug|Any CPU
		{72FCA21A-0141-464B-B448-650DB0985DB7}.Debug|Any CPU.Build.0 = Debug|Any CPU
		{72FCA21A-0141-464B-B448-650DB0985DB7}.Release|Any CPU.ActiveCfg = Release|Any CPU
		{72FCA21A-0141-464B-B448-650DB0985DB7}.Release|Any CPU.Build.0 = Release|Any CPU
		{74278E0A-76C9-497B-9194-FA1A6B1FA9B8}.Debug|Any CPU.ActiveCfg = Debug|Any CPU
		{74278E0A-76C9-497B-9194-FA1A6B1FA9B8}.Debug|Any CPU.Build.0 = Debug|Any CPU
		{74278E0A-76C9-497B-9194-FA1A6B1FA9B8}.Release|Any CPU.ActiveCfg = Release|Any CPU
		{74278E0A-76C9-497B-9194-FA1A6B1FA9B8}.Release|Any CPU.Build.0 = Release|Any CPU
		{F0EF46F8-9A78-4C3F-BA3A-D2C61874B92D}.Debug|Any CPU.ActiveCfg = Debug|Any CPU
		{F0EF46F8-9A78-4C3F-BA3A-D2C61874B92D}.Debug|Any CPU.Build.0 = Debug|Any CPU
		{F0EF46F8-9A78-4C3F-BA3A-D2C61874B92D}.Release|Any CPU.ActiveCfg = Release|Any CPU
		{F0EF46F8-9A78-4C3F-BA3A-D2C61874B92D}.Release|Any CPU.Build.0 = Release|Any CPU
		{EF68BCC5-18FC-4233-A165-08FBE2CA3B62}.Debug|Any CPU.ActiveCfg = Debug|Any CPU
		{EF68BCC5-18FC-4233-A165-08FBE2CA3B62}.Debug|Any CPU.Build.0 = Debug|Any CPU
		{EF68BCC5-18FC-4233-A165-08FBE2CA3B62}.Release|Any CPU.ActiveCfg = Release|Any CPU
		{EF68BCC5-18FC-4233-A165-08FBE2CA3B62}.Release|Any CPU.Build.0 = Release|Any CPU
		{8AEDED5C-7130-44AB-9B8C-DCCBC3B2863E}.Debug|Any CPU.ActiveCfg = Debug|Any CPU
		{8AEDED5C-7130-44AB-9B8C-DCCBC3B2863E}.Debug|Any CPU.Build.0 = Debug|Any CPU
		{8AEDED5C-7130-44AB-9B8C-DCCBC3B2863E}.Release|Any CPU.ActiveCfg = Release|Any CPU
		{8AEDED5C-7130-44AB-9B8C-DCCBC3B2863E}.Release|Any CPU.Build.0 = Release|Any CPU
	EndGlobalSection
	GlobalSection(SolutionProperties) = preSolution
		HideSolutionNode = FALSE
	EndGlobalSection
	GlobalSection(NestedProjects) = preSolution
		{B9F605C5-1239-48CD-A4AD-B4090771F00A} = {A96539AD-347D-46BA-8647-9764BF6E90D6}
		{5708F48D-E098-49DA-B49D-B8C4439E4B08} = {A96539AD-347D-46BA-8647-9764BF6E90D6}
		{A27C84EF-86AA-4332-89E9-8F419915DF8D} = {A96539AD-347D-46BA-8647-9764BF6E90D6}
	EndGlobalSection
EndGlobal
